
Microsoft Visual Studio Solution File, Format Version 12.00
# Visual Studio 15
VisualStudioVersion = 15.0.26124.0
MinimumVisualStudioVersion = 15.0.26124.0
Project("{FAE04EC0-301F-11D3-BF4B-00C04F79EFBC}") = "NumberToTextGenerator", "NumberToTextGenerator\NumberToTextGenerator.csproj", "{620AA1D0-7023-4248-994B-E0AD11D21FEB}"
EndProject
Project("{FAE04EC0-301F-11D3-BF4B-00C04F79EFBC}") = "NumberToTextGeneratorTests", "NumberToTextGeneratorTests\NumberToTextGeneratorTests.csproj", "{43E6A7FA-B575-45E1-A55A-73C4DE4D5C65}"
EndProject
Global
	GlobalSection(SolutionConfigurationPlatforms) = preSolution
		Debug|Any CPU = Debug|Any CPU
		Debug|x64 = Debug|x64
		Debug|x86 = Debug|x86
		Release|Any CPU = Release|Any CPU
		Release|x64 = Release|x64
		Release|x86 = Release|x86
	EndGlobalSection
	GlobalSection(SolutionProperties) = preSolution
		HideSolutionNode = FALSE
	EndGlobalSection
	GlobalSection(ProjectConfigurationPlatforms) = postSolution
		{620AA1D0-7023-4248-994B-E0AD11D21FEB}.Debug|Any CPU.ActiveCfg = Debug|Any CPU
		{620AA1D0-7023-4248-994B-E0AD11D21FEB}.Debug|Any CPU.Build.0 = Debug|Any CPU
		{620AA1D0-7023-4248-994B-E0AD11D21FEB}.Debug|x64.ActiveCfg = Debug|Any CPU
		{620AA1D0-7023-4248-994B-E0AD11D21FEB}.Debug|x64.Build.0 = Debug|Any CPU
		{620AA1D0-7023-4248-994B-E0AD11D21FEB}.Debug|x86.ActiveCfg = Debug|Any CPU
		{620AA1D0-7023-4248-994B-E0AD11D21FEB}.Debug|x86.Build.0 = Debug|Any CPU
		{620AA1D0-7023-4248-994B-E0AD11D21FEB}.Release|Any CPU.ActiveCfg = Release|Any CPU
		{620AA1D0-7023-4248-994B-E0AD11D21FEB}.Release|Any CPU.Build.0 = Release|Any CPU
		{620AA1D0-7023-4248-994B-E0AD11D21FEB}.Release|x64.ActiveCfg = Release|Any CPU
		{620AA1D0-7023-4248-994B-E0AD11D21FEB}.Release|x64.Build.0 = Release|Any CPU
		{620AA1D0-7023-4248-994B-E0AD11D21FEB}.Release|x86.ActiveCfg = Release|Any CPU
		{620AA1D0-7023-4248-994B-E0AD11D21FEB}.Release|x86.Build.0 = Release|Any CPU
		{43E6A7FA-B575-45E1-A55A-73C4DE4D5C65}.Debug|Any CPU.ActiveCfg = Debug|Any CPU
		{43E6A7FA-B575-45E1-A55A-73C4DE4D5C65}.Debug|Any CPU.Build.0 = Debug|Any CPU
		{43E6A7FA-B575-45E1-A55A-73C4DE4D5C65}.Debug|x64.ActiveCfg = Debug|Any CPU
		{43E6A7FA-B575-45E1-A55A-73C4DE4D5C65}.Debug|x64.Build.0 = Debug|Any CPU
		{43E6A7FA-B575-45E1-A55A-73C4DE4D5C65}.Debug|x86.ActiveCfg = Debug|Any CPU
		{43E6A7FA-B575-45E1-A55A-73C4DE4D5C65}.Debug|x86.Build.0 = Debug|Any CPU
		{43E6A7FA-B575-45E1-A55A-73C4DE4D5C65}.Release|Any CPU.ActiveCfg = Release|Any CPU
		{43E6A7FA-B575-45E1-A55A-73C4DE4D5C65}.Release|Any CPU.Build.0 = Release|Any CPU
		{43E6A7FA-B575-45E1-A55A-73C4DE4D5C65}.Release|x64.ActiveCfg = Release|Any CPU
		{43E6A7FA-B575-45E1-A55A-73C4DE4D5C65}.Release|x64.Build.0 = Release|Any CPU
		{43E6A7FA-B575-45E1-A55A-73C4DE4D5C65}.Release|x86.ActiveCfg = Release|Any CPU
		{43E6A7FA-B575-45E1-A55A-73C4DE4D5C65}.Release|x86.Build.0 = Release|Any CPU
	EndGlobalSection
EndGlobal
